
Microsoft Visual Studio Solution File, Format Version 12.00
# Visual Studio Version 16
VisualStudioVersion = 16.0.30907.101
MinimumVisualStudioVersion = 10.0.40219.1
Project("{9A19103F-16F7-4668-BE54-9A1E7A4F7556}") = "A+B", "A+B\A+B.csproj", "{26F647EE-0AB5-4A6A-BF95-10FA30DA287E}"
EndProject
Project("{9A19103F-16F7-4668-BE54-9A1E7A4F7556}") = "YourOrderPlease", "YourOrderPlease\YourOrderPlease.csproj", "{38402D92-C45D-469E-9DD2-0DDA64199D5C}"
EndProject
Project("{2150E333-8FDC-42A3-9474-1A3956D46DE8}") = "Solution Items", "Solution Items", "{D2863FB6-A8DC-4E23-8BD9-76BE8E9A03C2}"
	ProjectSection(SolutionItems) = preProject
		.editorconfig = .editorconfig
	EndProjectSection
EndProject
Project("{9A19103F-16F7-4668-BE54-9A1E7A4F7556}") = "Growth of a Population", "Growth of a Population\Growth of a Population.csproj", "{97397526-BBDB-407B-AB8F-8F267B172AED}"
EndProject
Project("{9A19103F-16F7-4668-BE54-9A1E7A4F7556}") = "ToCamelCase", "ToCamelCase\ToCamelCase.csproj", "{6C10AF9F-DC91-492B-A64E-3780BC3092CD}"
EndProject
Project("{9A19103F-16F7-4668-BE54-9A1E7A4F7556}") = "Directions Reduction", "Directions Reduction\Directions Reduction.csproj", "{188AFD52-F31C-4FEE-93FC-7962B4295328}"
EndProject
Project("{9A19103F-16F7-4668-BE54-9A1E7A4F7556}") = "Equal Sides Of An Array", "Equal Sides Of An Array\Equal Sides Of An Array.csproj", "{1DA8443C-038F-4AD6-991D-206E42F422EC}"
EndProject
Project("{9A19103F-16F7-4668-BE54-9A1E7A4F7556}") = "Isograms", "Isograms\Isograms.csproj", "{150302E1-5666-48B4-8AB5-5984534D88F3}"
EndProject
Project("{9A19103F-16F7-4668-BE54-9A1E7A4F7556}") = "Persistent Bugger", "Persistent Bugger\Persistent Bugger.csproj", "{67DC5C01-4487-44BE-AE59-EB9A6E2BF1B1}"
EndProject
Project("{9A19103F-16F7-4668-BE54-9A1E7A4F7556}") = "QuickSort", "BCL Test\QuickSort.csproj", "{4D361EA2-B979-49B2-900E-5F555C07E807}"
EndProject
Project("{9A19103F-16F7-4668-BE54-9A1E7A4F7556}") = "Duplicate Encoder", "Duplicate Encoder\Duplicate Encoder.csproj", "{19869F7B-047D-4A57-B03C-2C31120B33B7}"
EndProject
Project("{9A19103F-16F7-4668-BE54-9A1E7A4F7556}") = "Product of consecutive Fib numbers", "Product of consecutive Fib numbers\Product of consecutive Fib numbers.csproj", "{B6531BF6-DB70-42F1-B627-78ADC202F29E}"
EndProject
Project("{9A19103F-16F7-4668-BE54-9A1E7A4F7556}") = "两数之和", "两数之和\两数之和.csproj", "{74B02001-2FA5-4D33-B552-F7918DA1318A}"
EndProject
Project("{9A19103F-16F7-4668-BE54-9A1E7A4F7556}") = "Vasya - Clerk", "Vasya - Clerk\Vasya - Clerk.csproj", "{9DB16BBC-CD2D-48D4-8442-5C7A5E58D6B7}"
EndProject
Project("{9A19103F-16F7-4668-BE54-9A1E7A4F7556}") = "Take a Number And Sum Its Digits Raised To The Consecutive Powers And Eureka!!", "Take a Number And Sum Its Digits Raised To The Consecutive Powers And Eureka!!\Take a Number And Sum Its Digits Raised To The Consecutive Powers And Eureka!!.csproj", "{4E9C4706-2424-4F1C-9AD3-12F385A758C9}"
EndProject
Project("{9A19103F-16F7-4668-BE54-9A1E7A4F7556}") = "Sort the odd", "Sort the odd\Sort the odd.csproj", "{F22B38E6-423F-4B28-A4A2-3BCFFA9E2491}"
EndProject
Project("{FAE04EC0-301F-11D3-BF4B-00C04F79EFBC}") = "Josephus Permutation", "Josephus Permutation\Josephus Permutation.csproj", "{B9D77169-0ECB-4C56-A28E-49EC70B2284B}"
EndProject
Global
	GlobalSection(SolutionConfigurationPlatforms) = preSolution
		Debug|Any CPU = Debug|Any CPU
		Release|Any CPU = Release|Any CPU
	EndGlobalSection
	GlobalSection(ProjectConfigurationPlatforms) = postSolution
		{26F647EE-0AB5-4A6A-BF95-10FA30DA287E}.Debug|Any CPU.ActiveCfg = Debug|Any CPU
		{26F647EE-0AB5-4A6A-BF95-10FA30DA287E}.Debug|Any CPU.Build.0 = Debug|Any CPU
		{26F647EE-0AB5-4A6A-BF95-10FA30DA287E}.Release|Any CPU.ActiveCfg = Release|Any CPU
		{26F647EE-0AB5-4A6A-BF95-10FA30DA287E}.Release|Any CPU.Build.0 = Release|Any CPU
		{38402D92-C45D-469E-9DD2-0DDA64199D5C}.Debug|Any CPU.ActiveCfg = Debug|Any CPU
		{38402D92-C45D-469E-9DD2-0DDA64199D5C}.Debug|Any CPU.Build.0 = Debug|Any CPU
		{38402D92-C45D-469E-9DD2-0DDA64199D5C}.Release|Any CPU.ActiveCfg = Release|Any CPU
		{38402D92-C45D-469E-9DD2-0DDA64199D5C}.Release|Any CPU.Build.0 = Release|Any CPU
		{97397526-BBDB-407B-AB8F-8F267B172AED}.Debug|Any CPU.ActiveCfg = Debug|Any CPU
		{97397526-BBDB-407B-AB8F-8F267B172AED}.Debug|Any CPU.Build.0 = Debug|Any CPU
		{97397526-BBDB-407B-AB8F-8F267B172AED}.Release|Any CPU.ActiveCfg = Release|Any CPU
		{97397526-BBDB-407B-AB8F-8F267B172AED}.Release|Any CPU.Build.0 = Release|Any CPU
		{6C10AF9F-DC91-492B-A64E-3780BC3092CD}.Debug|Any CPU.ActiveCfg = Debug|Any CPU
		{6C10AF9F-DC91-492B-A64E-3780BC3092CD}.Debug|Any CPU.Build.0 = Debug|Any CPU
		{6C10AF9F-DC91-492B-A64E-3780BC3092CD}.Release|Any CPU.ActiveCfg = Release|Any CPU
		{6C10AF9F-DC91-492B-A64E-3780BC3092CD}.Release|Any CPU.Build.0 = Release|Any CPU
		{188AFD52-F31C-4FEE-93FC-7962B4295328}.Debug|Any CPU.ActiveCfg = Debug|Any CPU
		{188AFD52-F31C-4FEE-93FC-7962B4295328}.Debug|Any CPU.Build.0 = Debug|Any CPU
		{188AFD52-F31C-4FEE-93FC-7962B4295328}.Release|Any CPU.ActiveCfg = Release|Any CPU
		{188AFD52-F31C-4FEE-93FC-7962B4295328}.Release|Any CPU.Build.0 = Release|Any CPU
		{1DA8443C-038F-4AD6-991D-206E42F422EC}.Debug|Any CPU.ActiveCfg = Debug|Any CPU
		{1DA8443C-038F-4AD6-991D-206E42F422EC}.Debug|Any CPU.Build.0 = Debug|Any CPU
		{1DA8443C-038F-4AD6-991D-206E42F422EC}.Release|Any CPU.ActiveCfg = Release|Any CPU
		{1DA8443C-038F-4AD6-991D-206E42F422EC}.Release|Any CPU.Build.0 = Release|Any CPU
		{150302E1-5666-48B4-8AB5-5984534D88F3}.Debug|Any CPU.ActiveCfg = Debug|Any CPU
		{150302E1-5666-48B4-8AB5-5984534D88F3}.Debug|Any CPU.Build.0 = Debug|Any CPU
		{150302E1-5666-48B4-8AB5-5984534D88F3}.Release|Any CPU.ActiveCfg = Release|Any CPU
		{150302E1-5666-48B4-8AB5-5984534D88F3}.Release|Any CPU.Build.0 = Release|Any CPU
		{67DC5C01-4487-44BE-AE59-EB9A6E2BF1B1}.Debug|Any CPU.ActiveCfg = Debug|Any CPU
		{67DC5C01-4487-44BE-AE59-EB9A6E2BF1B1}.Debug|Any CPU.Build.0 = Debug|Any CPU
		{67DC5C01-4487-44BE-AE59-EB9A6E2BF1B1}.Release|Any CPU.ActiveCfg = Release|Any CPU
		{67DC5C01-4487-44BE-AE59-EB9A6E2BF1B1}.Release|Any CPU.Build.0 = Release|Any CPU
		{4D361EA2-B979-49B2-900E-5F555C07E807}.Debug|Any CPU.ActiveCfg = Debug|Any CPU
		{4D361EA2-B979-49B2-900E-5F555C07E807}.Debug|Any CPU.Build.0 = Debug|Any CPU
		{4D361EA2-B979-49B2-900E-5F555C07E807}.Release|Any CPU.ActiveCfg = Release|Any CPU
		{4D361EA2-B979-49B2-900E-5F555C07E807}.Release|Any CPU.Build.0 = Release|Any CPU
		{19869F7B-047D-4A57-B03C-2C31120B33B7}.Debug|Any CPU.ActiveCfg = Debug|Any CPU
		{19869F7B-047D-4A57-B03C-2C31120B33B7}.Debug|Any CPU.Build.0 = Debug|Any CPU
		{19869F7B-047D-4A57-B03C-2C31120B33B7}.Release|Any CPU.ActiveCfg = Release|Any CPU
		{19869F7B-047D-4A57-B03C-2C31120B33B7}.Release|Any CPU.Build.0 = Release|Any CPU
		{B6531BF6-DB70-42F1-B627-78ADC202F29E}.Debug|Any CPU.ActiveCfg = Debug|Any CPU
		{B6531BF6-DB70-42F1-B627-78ADC202F29E}.Debug|Any CPU.Build.0 = Debug|Any CPU
		{B6531BF6-DB70-42F1-B627-78ADC202F29E}.Release|Any CPU.ActiveCfg = Release|Any CPU
		{B6531BF6-DB70-42F1-B627-78ADC202F29E}.Release|Any CPU.Build.0 = Release|Any CPU
		{74B02001-2FA5-4D33-B552-F7918DA1318A}.Debug|Any CPU.ActiveCfg = Debug|Any CPU
		{74B02001-2FA5-4D33-B552-F7918DA1318A}.Debug|Any CPU.Build.0 = Debug|Any CPU
		{74B02001-2FA5-4D33-B552-F7918DA1318A}.Release|Any CPU.ActiveCfg = Release|Any CPU
		{74B02001-2FA5-4D33-B552-F7918DA1318A}.Release|Any CPU.Build.0 = Release|Any CPU
		{9DB16BBC-CD2D-48D4-8442-5C7A5E58D6B7}.Debug|Any CPU.ActiveCfg = Debug|Any CPU
		{9DB16BBC-CD2D-48D4-8442-5C7A5E58D6B7}.Debug|Any CPU.Build.0 = Debug|Any CPU
		{9DB16BBC-CD2D-48D4-8442-5C7A5E58D6B7}.Release|Any CPU.ActiveCfg = Release|Any CPU
		{9DB16BBC-CD2D-48D4-8442-5C7A5E58D6B7}.Release|Any CPU.Build.0 = Release|Any CPU
		{4E9C4706-2424-4F1C-9AD3-12F385A758C9}.Debug|Any CPU.ActiveCfg = Debug|Any CPU
		{4E9C4706-2424-4F1C-9AD3-12F385A758C9}.Debug|Any CPU.Build.0 = Debug|Any CPU
		{4E9C4706-2424-4F1C-9AD3-12F385A758C9}.Release|Any CPU.ActiveCfg = Release|Any CPU
		{4E9C4706-2424-4F1C-9AD3-12F385A758C9}.Release|Any CPU.Build.0 = Release|Any CPU
		{F22B38E6-423F-4B28-A4A2-3BCFFA9E2491}.Debug|Any CPU.ActiveCfg = Debug|Any CPU
		{F22B38E6-423F-4B28-A4A2-3BCFFA9E2491}.Debug|Any CPU.Build.0 = Debug|Any CPU
		{F22B38E6-423F-4B28-A4A2-3BCFFA9E2491}.Release|Any CPU.ActiveCfg = Release|Any CPU
		{F22B38E6-423F-4B28-A4A2-3BCFFA9E2491}.Release|Any CPU.Build.0 = Release|Any CPU
		{B9D77169-0ECB-4C56-A28E-49EC70B2284B}.Debug|Any CPU.ActiveCfg = Debug|Any CPU
		{B9D77169-0ECB-4C56-A28E-49EC70B2284B}.Debug|Any CPU.Build.0 = Debug|Any CPU
		{B9D77169-0ECB-4C56-A28E-49EC70B2284B}.Release|Any CPU.ActiveCfg = Release|Any CPU
		{B9D77169-0ECB-4C56-A28E-49EC70B2284B}.Release|Any CPU.Build.0 = Release|Any CPU
	EndGlobalSection
	GlobalSection(SolutionProperties) = preSolution
		HideSolutionNode = FALSE
	EndGlobalSection
	GlobalSection(ExtensibilityGlobals) = postSolution
		SolutionGuid = {2A6E658B-7EFA-4E1A-A056-DEC8563C6D60}
	EndGlobalSection
EndGlobal
